
Microsoft Visual Studio Solution File, Format Version 12.00
# Visual Studio 14
VisualStudioVersion = 14.0.25420.1
MinimumVisualStudioVersion = 10.0.40219.1
Project("{FAE04EC0-301F-11D3-BF4B-00C04F79EFBC}") = "RandomWallpaper", "Src\RandomWallpaper.csproj", "{7E5CAEDD-786C-4938-9B45-1B40209092CC}"
EndProject
Global
	GlobalSection(SolutionConfigurationPlatforms) = preSolution
		DebugConsole|Any CPU = DebugConsole|Any CPU
		DebugWindowless|Any CPU = DebugWindowless|Any CPU
		ReleaseConsole|Any CPU = ReleaseConsole|Any CPU
		ReleaseWindowless|Any CPU = ReleaseWindowless|Any CPU
	EndGlobalSection
	GlobalSection(ProjectConfigurationPlatforms) = postSolution
		{7E5CAEDD-786C-4938-9B45-1B40209092CC}.DebugConsole|Any CPU.ActiveCfg = DebugConsole|Any CPU
		{7E5CAEDD-786C-4938-9B45-1B40209092CC}.DebugConsole|Any CPU.Build.0 = DebugConsole|Any CPU
		{7E5CAEDD-786C-4938-9B45-1B40209092CC}.DebugWindowless|Any CPU.ActiveCfg = DebugWindowless|Any CPU
		{7E5CAEDD-786C-4938-9B45-1B40209092CC}.DebugWindowless|Any CPU.Build.0 = DebugWindowless|Any CPU
		{7E5CAEDD-786C-4938-9B45-1B40209092CC}.ReleaseConsole|Any CPU.ActiveCfg = ReleaseConsole|Any CPU
		{7E5CAEDD-786C-4938-9B45-1B40209092CC}.ReleaseConsole|Any CPU.Build.0 = ReleaseConsole|Any CPU
		{7E5CAEDD-786C-4938-9B45-1B40209092CC}.ReleaseWindowless|Any CPU.ActiveCfg = ReleaseWindowless|Any CPU
		{7E5CAEDD-786C-4938-9B45-1B40209092CC}.ReleaseWindowless|Any CPU.Build.0 = ReleaseWindowless|Any CPU
	EndGlobalSection
	GlobalSection(SolutionProperties) = preSolution
		HideSolutionNode = FALSE
	EndGlobalSection
EndGlobal
