
Microsoft Visual Studio Solution File, Format Version 12.00
# Visual Studio 2013
VisualStudioVersion = 12.0.30723.0
MinimumVisualStudioVersion = 10.0.40219.1
Project("{FAE04EC0-301F-11D3-BF4B-00C04F79EFBC}") = "RandomWallpaper", "Src\RandomWallpaper.csproj", "{7E5CAEDD-786C-4938-9B45-1B40209092CC}"
EndProject
Project("{FAE04EC0-301F-11D3-BF4B-00C04F79EFBC}") = "RT.Util", "..\RT.Util\Src\RT.Util.csproj", "{8D0FE79C-AD8D-475C-9E6F-9CAE85365B5D}"
EndProject
Global
	GlobalSection(SolutionConfigurationPlatforms) = preSolution
		DebugConsole|Any CPU = DebugConsole|Any CPU
		DebugWindowless|Any CPU = DebugWindowless|Any CPU
		ReleaseConsole|Any CPU = ReleaseConsole|Any CPU
		ReleaseWindowless|Any CPU = ReleaseWindowless|Any CPU
	EndGlobalSection
	GlobalSection(ProjectConfigurationPlatforms) = postSolution
		{7E5CAEDD-786C-4938-9B45-1B40209092CC}.DebugConsole|Any CPU.ActiveCfg = DebugConsole|Any CPU
		{7E5CAEDD-786C-4938-9B45-1B40209092CC}.DebugConsole|Any CPU.Build.0 = DebugConsole|Any CPU
		{7E5CAEDD-786C-4938-9B45-1B40209092CC}.DebugWindowless|Any CPU.ActiveCfg = DebugWindowless|Any CPU
		{7E5CAEDD-786C-4938-9B45-1B40209092CC}.DebugWindowless|Any CPU.Build.0 = DebugWindowless|Any CPU
		{7E5CAEDD-786C-4938-9B45-1B40209092CC}.ReleaseConsole|Any CPU.ActiveCfg = ReleaseConsole|Any CPU
		{7E5CAEDD-786C-4938-9B45-1B40209092CC}.ReleaseConsole|Any CPU.Build.0 = ReleaseConsole|Any CPU
		{7E5CAEDD-786C-4938-9B45-1B40209092CC}.ReleaseWindowless|Any CPU.ActiveCfg = ReleaseWindowless|Any CPU
		{7E5CAEDD-786C-4938-9B45-1B40209092CC}.ReleaseWindowless|Any CPU.Build.0 = ReleaseWindowless|Any CPU
		{8D0FE79C-AD8D-475C-9E6F-9CAE85365B5D}.DebugConsole|Any CPU.ActiveCfg = Debug|Any CPU
		{8D0FE79C-AD8D-475C-9E6F-9CAE85365B5D}.DebugConsole|Any CPU.Build.0 = Debug|Any CPU
		{8D0FE79C-AD8D-475C-9E6F-9CAE85365B5D}.DebugWindowless|Any CPU.ActiveCfg = Debug|Any CPU
		{8D0FE79C-AD8D-475C-9E6F-9CAE85365B5D}.DebugWindowless|Any CPU.Build.0 = Debug|Any CPU
		{8D0FE79C-AD8D-475C-9E6F-9CAE85365B5D}.ReleaseConsole|Any CPU.ActiveCfg = Release|Any CPU
		{8D0FE79C-AD8D-475C-9E6F-9CAE85365B5D}.ReleaseConsole|Any CPU.Build.0 = Release|Any CPU
		{8D0FE79C-AD8D-475C-9E6F-9CAE85365B5D}.ReleaseWindowless|Any CPU.ActiveCfg = Release|Any CPU
		{8D0FE79C-AD8D-475C-9E6F-9CAE85365B5D}.ReleaseWindowless|Any CPU.Build.0 = Release|Any CPU
	EndGlobalSection
	GlobalSection(SolutionProperties) = preSolution
		HideSolutionNode = FALSE
	EndGlobalSection
EndGlobal
